// !$*UTF8*$!
{
	archiveVersion = 1;
	classes = {
	};
	objectVersion = 46;
	objects = {

/* Begin PBXBuildFile section */
		8A732297189FD06300DEBBD7 /* Event+ReflectionKitOptions.m in Sources */ = {isa = PBXBuildFile; fileRef = 8A732296189FD06300DEBBD7 /* Event+ReflectionKitOptions.m */; };
		8A73229D189FD5E600DEBBD7 /* Event.m in Sources */ = {isa = PBXBuildFile; fileRef = 8A73229C189FD5E600DEBBD7 /* Event.m */; };
		8A7322A018A001E200DEBBD7 /* NSPredicate+OSReflectionKit.m in Sources */ = {isa = PBXBuildFile; fileRef = 8A73229F18A001E200DEBBD7 /* NSPredicate+OSReflectionKit.m */; };
		8A7322A318A009BB00DEBBD7 /* OSCoreDataManager.m in Sources */ = {isa = PBXBuildFile; fileRef = 8A7322A218A009BB00DEBBD7 /* OSCoreDataManager.m */; };
		8A9FC1F119162E0B0087E977 /* XCTest.framework in Frameworks */ = {isa = PBXBuildFile; fileRef = 8A9FC1F019162E0B0087E977 /* XCTest.framework */; };
		8A9FC1F219162E0B0087E977 /* Foundation.framework in Frameworks */ = {isa = PBXBuildFile; fileRef = 8AEDDE0B17B042F1003CF0BF /* Foundation.framework */; };
		8A9FC1F319162E0B0087E977 /* UIKit.framework in Frameworks */ = {isa = PBXBuildFile; fileRef = 8AEDDE0917B042F1003CF0BF /* UIKit.framework */; };
		8A9FC1F919162E0B0087E977 /* InfoPlist.strings in Resources */ = {isa = PBXBuildFile; fileRef = 8A9FC1F719162E0B0087E977 /* InfoPlist.strings */; };
		8A9FC1FB19162E0B0087E977 /* NSManagedObject_OSReflectionKitTests.m in Sources */ = {isa = PBXBuildFile; fileRef = 8A9FC1FA19162E0B0087E977 /* NSManagedObject_OSReflectionKitTests.m */; };
		8A9FC20419164DCF0087E977 /* NSManagedObject+OSReflectionKitDeprecated.m in Sources */ = {isa = PBXBuildFile; fileRef = 8A9FC20319164DCF0087E977 /* NSManagedObject+OSReflectionKitDeprecated.m */; };
		8AEDDE0A17B042F1003CF0BF /* UIKit.framework in Frameworks */ = {isa = PBXBuildFile; fileRef = 8AEDDE0917B042F1003CF0BF /* UIKit.framework */; };
		8AEDDE0C17B042F1003CF0BF /* Foundation.framework in Frameworks */ = {isa = PBXBuildFile; fileRef = 8AEDDE0B17B042F1003CF0BF /* Foundation.framework */; };
		8AEDDE0E17B042F1003CF0BF /* CoreGraphics.framework in Frameworks */ = {isa = PBXBuildFile; fileRef = 8AEDDE0D17B042F1003CF0BF /* CoreGraphics.framework */; };
		8AEDDE1017B042F1003CF0BF /* CoreData.framework in Frameworks */ = {isa = PBXBuildFile; fileRef = 8AEDDE0F17B042F1003CF0BF /* CoreData.framework */; };
		8AEDDE4C17B054E9003CF0BF /* AZReflection.m in Sources */ = {isa = PBXBuildFile; fileRef = 8AEDDE4517B054E9003CF0BF /* AZReflection.m */; };
		8AEDDE4D17B054E9003CF0BF /* NSObject+OSReflectionKit.m in Sources */ = {isa = PBXBuildFile; fileRef = 8AEDDE4817B054E9003CF0BF /* NSObject+OSReflectionKit.m */; };
		8AEDDE4E17B054E9003CF0BF /* NSManagedObject+OSReflectionKit.m in Sources */ = {isa = PBXBuildFile; fileRef = 8AEDDE4B17B054E9003CF0BF /* NSManagedObject+OSReflectionKit.m */; };
		8AEDDE8817B05806003CF0BF /* AppDelegate.m in Sources */ = {isa = PBXBuildFile; fileRef = 8AEDDE7417B05806003CF0BF /* AppDelegate.m */; };
		8AEDDE8917B05806003CF0BF /* Default-568h@2x.png in Resources */ = {isa = PBXBuildFile; fileRef = 8AEDDE7517B05806003CF0BF /* Default-568h@2x.png */; };
		8AEDDE8A17B05806003CF0BF /* Default.png in Resources */ = {isa = PBXBuildFile; fileRef = 8AEDDE7617B05806003CF0BF /* Default.png */; };
		8AEDDE8B17B05806003CF0BF /* Default@2x.png in Resources */ = {isa = PBXBuildFile; fileRef = 8AEDDE7717B05806003CF0BF /* Default@2x.png */; };
		8AEDDE8C17B05806003CF0BF /* DetailViewController.m in Sources */ = {isa = PBXBuildFile; fileRef = 8AEDDE7917B05806003CF0BF /* DetailViewController.m */; };
		8AEDDE8D17B05806003CF0BF /* InfoPlist.strings in Resources */ = {isa = PBXBuildFile; fileRef = 8AEDDE7B17B05806003CF0BF /* InfoPlist.strings */; };
		8AEDDE8E17B05806003CF0BF /* MainStoryboard.storyboard in Resources */ = {isa = PBXBuildFile; fileRef = 8AEDDE7D17B05806003CF0BF /* MainStoryboard.storyboard */; };
		8AEDDE9017B05806003CF0BF /* main.m in Sources */ = {isa = PBXBuildFile; fileRef = 8AEDDE8117B05806003CF0BF /* main.m */; };
		8AEDDE9117B05806003CF0BF /* MasterViewController.m in Sources */ = {isa = PBXBuildFile; fileRef = 8AEDDE8317B05806003CF0BF /* MasterViewController.m */; };
		8AEDDE9317B05806003CF0BF /* OSReflectionKit+CoreDataExample.xcdatamodeld in Sources */ = {isa = PBXBuildFile; fileRef = 8AEDDE8617B05806003CF0BF /* OSReflectionKit+CoreDataExample.xcdatamodeld */; };
/* End PBXBuildFile section */

/* Begin PBXContainerItemProxy section */
		8A9FC1FD19162E0B0087E977 /* PBXContainerItemProxy */ = {
			isa = PBXContainerItemProxy;
			containerPortal = 8AEDDDFE17B042F0003CF0BF /* Project object */;
			proxyType = 1;
			remoteGlobalIDString = 8AEDDE0517B042F1003CF0BF;
			remoteInfo = "OSReflectionKit+CoreDataExample";
		};
/* End PBXContainerItemProxy section */

/* Begin PBXFileReference section */
		8A732295189FD06300DEBBD7 /* Event+ReflectionKitOptions.h */ = {isa = PBXFileReference; fileEncoding = 4; lastKnownFileType = sourcecode.c.h; path = "Event+ReflectionKitOptions.h"; sourceTree = "<group>"; };
		8A732296189FD06300DEBBD7 /* Event+ReflectionKitOptions.m */ = {isa = PBXFileReference; fileEncoding = 4; lastKnownFileType = sourcecode.c.objc; path = "Event+ReflectionKitOptions.m"; sourceTree = "<group>"; };
		8A73229B189FD5E600DEBBD7 /* Event.h */ = {isa = PBXFileReference; fileEncoding = 4; lastKnownFileType = sourcecode.c.h; path = Event.h; sourceTree = "<group>"; };
		8A73229C189FD5E600DEBBD7 /* Event.m */ = {isa = PBXFileReference; fileEncoding = 4; lastKnownFileType = sourcecode.c.objc; path = Event.m; sourceTree = "<group>"; };
		8A73229E18A001E200DEBBD7 /* NSPredicate+OSReflectionKit.h */ = {isa = PBXFileReference; fileEncoding = 4; lastKnownFileType = sourcecode.c.h; path = "NSPredicate+OSReflectionKit.h"; sourceTree = "<group>"; };
		8A73229F18A001E200DEBBD7 /* NSPredicate+OSReflectionKit.m */ = {isa = PBXFileReference; fileEncoding = 4; lastKnownFileType = sourcecode.c.objc; path = "NSPredicate+OSReflectionKit.m"; sourceTree = "<group>"; };
		8A7322A118A009BB00DEBBD7 /* OSCoreDataManager.h */ = {isa = PBXFileReference; fileEncoding = 4; lastKnownFileType = sourcecode.c.h; path = OSCoreDataManager.h; sourceTree = "<group>"; };
		8A7322A218A009BB00DEBBD7 /* OSCoreDataManager.m */ = {isa = PBXFileReference; fileEncoding = 4; lastKnownFileType = sourcecode.c.objc; path = OSCoreDataManager.m; sourceTree = "<group>"; };
		8A9FC1EF19162E0B0087E977 /* OSReflectionKit+CoreDataTests.xctest */ = {isa = PBXFileReference; explicitFileType = wrapper.cfbundle; includeInIndex = 0; path = "OSReflectionKit+CoreDataTests.xctest"; sourceTree = BUILT_PRODUCTS_DIR; };
		8A9FC1F019162E0B0087E977 /* XCTest.framework */ = {isa = PBXFileReference; lastKnownFileType = wrapper.framework; name = XCTest.framework; path = Library/Frameworks/XCTest.framework; sourceTree = DEVELOPER_DIR; };
		8A9FC1F619162E0B0087E977 /* OSReflectionKit+CoreDataTests-Info.plist */ = {isa = PBXFileReference; lastKnownFileType = text.plist.xml; path = "OSReflectionKit+CoreDataTests-Info.plist"; sourceTree = "<group>"; };
		8A9FC1F819162E0B0087E977 /* en */ = {isa = PBXFileReference; lastKnownFileType = text.plist.strings; name = en; path = en.lproj/InfoPlist.strings; sourceTree = "<group>"; };
		8A9FC1FA19162E0B0087E977 /* NSManagedObject_OSReflectionKitTests.m */ = {isa = PBXFileReference; lastKnownFileType = sourcecode.c.objc; path = NSManagedObject_OSReflectionKitTests.m; sourceTree = "<group>"; };
		8A9FC1FC19162E0B0087E977 /* OSReflectionKit+CoreDataTests-Prefix.pch */ = {isa = PBXFileReference; lastKnownFileType = sourcecode.c.h; path = "OSReflectionKit+CoreDataTests-Prefix.pch"; sourceTree = "<group>"; };
		8A9FC20219164DCF0087E977 /* NSManagedObject+OSReflectionKitDeprecated.h */ = {isa = PBXFileReference; fileEncoding = 4; lastKnownFileType = sourcecode.c.h; path = "NSManagedObject+OSReflectionKitDeprecated.h"; sourceTree = "<group>"; };
		8A9FC20319164DCF0087E977 /* NSManagedObject+OSReflectionKitDeprecated.m */ = {isa = PBXFileReference; fileEncoding = 4; lastKnownFileType = sourcecode.c.objc; path = "NSManagedObject+OSReflectionKitDeprecated.m"; sourceTree = "<group>"; };
		8AEDDE0617B042F1003CF0BF /* OSReflectionKit+CoreDataExample.app */ = {isa = PBXFileReference; explicitFileType = wrapper.application; includeInIndex = 0; path = "OSReflectionKit+CoreDataExample.app"; sourceTree = BUILT_PRODUCTS_DIR; };
		8AEDDE0917B042F1003CF0BF /* UIKit.framework */ = {isa = PBXFileReference; lastKnownFileType = wrapper.framework; name = UIKit.framework; path = System/Library/Frameworks/UIKit.framework; sourceTree = SDKROOT; };
		8AEDDE0B17B042F1003CF0BF /* Foundation.framework */ = {isa = PBXFileReference; lastKnownFileType = wrapper.framework; name = Foundation.framework; path = System/Library/Frameworks/Foundation.framework; sourceTree = SDKROOT; };
		8AEDDE0D17B042F1003CF0BF /* CoreGraphics.framework */ = {isa = PBXFileReference; lastKnownFileType = wrapper.framework; name = CoreGraphics.framework; path = System/Library/Frameworks/CoreGraphics.framework; sourceTree = SDKROOT; };
		8AEDDE0F17B042F1003CF0BF /* CoreData.framework */ = {isa = PBXFileReference; lastKnownFileType = wrapper.framework; name = CoreData.framework; path = System/Library/Frameworks/CoreData.framework; sourceTree = SDKROOT; };
		8AEDDE4417B054E9003CF0BF /* AZReflection.h */ = {isa = PBXFileReference; fileEncoding = 4; lastKnownFileType = sourcecode.c.h; path = AZReflection.h; sourceTree = "<group>"; };
		8AEDDE4517B054E9003CF0BF /* AZReflection.m */ = {isa = PBXFileReference; fileEncoding = 4; lastKnownFileType = sourcecode.c.objc; path = AZReflection.m; sourceTree = "<group>"; };
		8AEDDE4617B054E9003CF0BF /* AZReflectionHint.h */ = {isa = PBXFileReference; fileEncoding = 4; lastKnownFileType = sourcecode.c.h; path = AZReflectionHint.h; sourceTree = "<group>"; };
		8AEDDE4717B054E9003CF0BF /* NSObject+OSReflectionKit.h */ = {isa = PBXFileReference; fileEncoding = 4; lastKnownFileType = sourcecode.c.h; path = "NSObject+OSReflectionKit.h"; sourceTree = "<group>"; };
		8AEDDE4817B054E9003CF0BF /* NSObject+OSReflectionKit.m */ = {isa = PBXFileReference; fileEncoding = 4; lastKnownFileType = sourcecode.c.objc; path = "NSObject+OSReflectionKit.m"; sourceTree = "<group>"; };
		8AEDDE4A17B054E9003CF0BF /* NSManagedObject+OSReflectionKit.h */ = {isa = PBXFileReference; fileEncoding = 4; lastKnownFileType = sourcecode.c.h; path = "NSManagedObject+OSReflectionKit.h"; sourceTree = "<group>"; };
		8AEDDE4B17B054E9003CF0BF /* NSManagedObject+OSReflectionKit.m */ = {isa = PBXFileReference; fileEncoding = 4; lastKnownFileType = sourcecode.c.objc; path = "NSManagedObject+OSReflectionKit.m"; sourceTree = "<group>"; };
		8AEDDE7317B05806003CF0BF /* AppDelegate.h */ = {isa = PBXFileReference; fileEncoding = 4; lastKnownFileType = sourcecode.c.h; path = AppDelegate.h; sourceTree = "<group>"; };
		8AEDDE7417B05806003CF0BF /* AppDelegate.m */ = {isa = PBXFileReference; fileEncoding = 4; lastKnownFileType = sourcecode.c.objc; path = AppDelegate.m; sourceTree = "<group>"; };
		8AEDDE7517B05806003CF0BF /* Default-568h@2x.png */ = {isa = PBXFileReference; lastKnownFileType = image.png; path = "Default-568h@2x.png"; sourceTree = "<group>"; };
		8AEDDE7617B05806003CF0BF /* Default.png */ = {isa = PBXFileReference; lastKnownFileType = image.png; path = Default.png; sourceTree = "<group>"; };
		8AEDDE7717B05806003CF0BF /* Default@2x.png */ = {isa = PBXFileReference; lastKnownFileType = image.png; path = "Default@2x.png"; sourceTree = "<group>"; };
		8AEDDE7817B05806003CF0BF /* DetailViewController.h */ = {isa = PBXFileReference; fileEncoding = 4; lastKnownFileType = sourcecode.c.h; path = DetailViewController.h; sourceTree = "<group>"; };
		8AEDDE7917B05806003CF0BF /* DetailViewController.m */ = {isa = PBXFileReference; fileEncoding = 4; lastKnownFileType = sourcecode.c.objc; path = DetailViewController.m; sourceTree = "<group>"; };
		8AEDDE7C17B05806003CF0BF /* en */ = {isa = PBXFileReference; lastKnownFileType = text.plist.strings; name = en; path = InfoPlist.strings; sourceTree = "<group>"; };
		8AEDDE7E17B05806003CF0BF /* en */ = {isa = PBXFileReference; lastKnownFileType = file.storyboard; name = en; path = MainStoryboard.storyboard; sourceTree = "<group>"; };
		8AEDDE8117B05806003CF0BF /* main.m */ = {isa = PBXFileReference; fileEncoding = 4; lastKnownFileType = sourcecode.c.objc; path = main.m; sourceTree = "<group>"; };
		8AEDDE8217B05806003CF0BF /* MasterViewController.h */ = {isa = PBXFileReference; fileEncoding = 4; lastKnownFileType = sourcecode.c.h; path = MasterViewController.h; sourceTree = "<group>"; };
		8AEDDE8317B05806003CF0BF /* MasterViewController.m */ = {isa = PBXFileReference; fileEncoding = 4; lastKnownFileType = sourcecode.c.objc; path = MasterViewController.m; sourceTree = "<group>"; };
		8AEDDE8417B05806003CF0BF /* OSReflectionKit+CoreDataExample-Info.plist */ = {isa = PBXFileReference; fileEncoding = 4; lastKnownFileType = text.plist.xml; path = "OSReflectionKit+CoreDataExample-Info.plist"; sourceTree = "<group>"; };
		8AEDDE8517B05806003CF0BF /* OSReflectionKit+CoreDataExample-Prefix.pch */ = {isa = PBXFileReference; fileEncoding = 4; lastKnownFileType = sourcecode.c.h; path = "OSReflectionKit+CoreDataExample-Prefix.pch"; sourceTree = "<group>"; };
		8AEDDE8717B05806003CF0BF /* TestCoreData.xcdatamodel */ = {isa = PBXFileReference; lastKnownFileType = wrapper.xcdatamodel; path = TestCoreData.xcdatamodel; sourceTree = "<group>"; };
/* End PBXFileReference section */

/* Begin PBXFrameworksBuildPhase section */
		8A9FC1EC19162E0B0087E977 /* Frameworks */ = {
			isa = PBXFrameworksBuildPhase;
			buildActionMask = 2147483647;
			files = (
				8A9FC1F119162E0B0087E977 /* XCTest.framework in Frameworks */,
				8A9FC1F319162E0B0087E977 /* UIKit.framework in Frameworks */,
				8A9FC1F219162E0B0087E977 /* Foundation.framework in Frameworks */,
			);
			runOnlyForDeploymentPostprocessing = 0;
		};
		8AEDDE0317B042F1003CF0BF /* Frameworks */ = {
			isa = PBXFrameworksBuildPhase;
			buildActionMask = 2147483647;
			files = (
				8AEDDE0A17B042F1003CF0BF /* UIKit.framework in Frameworks */,
				8AEDDE0C17B042F1003CF0BF /* Foundation.framework in Frameworks */,
				8AEDDE0E17B042F1003CF0BF /* CoreGraphics.framework in Frameworks */,
				8AEDDE1017B042F1003CF0BF /* CoreData.framework in Frameworks */,
			);
			runOnlyForDeploymentPostprocessing = 0;
		};
/* End PBXFrameworksBuildPhase section */

/* Begin PBXGroup section */
		8A9FC1E51914E90D0087E977 /* Support Files */ = {
			isa = PBXGroup;
			children = (
				8AEDDE7B17B05806003CF0BF /* InfoPlist.strings */,
				8AEDDE7517B05806003CF0BF /* Default-568h@2x.png */,
				8AEDDE7617B05806003CF0BF /* Default.png */,
				8AEDDE7717B05806003CF0BF /* Default@2x.png */,
				8AEDDE8117B05806003CF0BF /* main.m */,
				8AEDDE8417B05806003CF0BF /* OSReflectionKit+CoreDataExample-Info.plist */,
				8AEDDE8517B05806003CF0BF /* OSReflectionKit+CoreDataExample-Prefix.pch */,
			);
			name = "Support Files";
			sourceTree = "<group>";
		};
		8A9FC1E61914E9540087E977 /* Models */ = {
			isa = PBXGroup;
			children = (
				8A73229B189FD5E600DEBBD7 /* Event.h */,
				8A73229C189FD5E600DEBBD7 /* Event.m */,
				8AEDDE8617B05806003CF0BF /* OSReflectionKit+CoreDataExample.xcdatamodeld */,
			);
			name = Models;
			sourceTree = "<group>";
		};
		8A9FC1E71914E9610087E977 /* ModelsCategories */ = {
			isa = PBXGroup;
			children = (
				8A732295189FD06300DEBBD7 /* Event+ReflectionKitOptions.h */,
				8A732296189FD06300DEBBD7 /* Event+ReflectionKitOptions.m */,
			);
			name = ModelsCategories;
			sourceTree = "<group>";
		};
		8A9FC1E81914E9A80087E977 /* ViewControllers */ = {
			isa = PBXGroup;
			children = (
				8AEDDE7817B05806003CF0BF /* DetailViewController.h */,
				8AEDDE7917B05806003CF0BF /* DetailViewController.m */,
				8AEDDE8217B05806003CF0BF /* MasterViewController.h */,
				8AEDDE8317B05806003CF0BF /* MasterViewController.m */,
			);
			name = ViewControllers;
			sourceTree = "<group>";
		};
		8A9FC1E91914E9DF0087E977 /* AppDelegate */ = {
			isa = PBXGroup;
			children = (
				8AEDDE7317B05806003CF0BF /* AppDelegate.h */,
				8AEDDE7417B05806003CF0BF /* AppDelegate.m */,
			);
			name = AppDelegate;
			sourceTree = "<group>";
		};
		8A9FC1EA1914E9F40087E977 /* Nibs */ = {
			isa = PBXGroup;
			children = (
				8AEDDE7D17B05806003CF0BF /* MainStoryboard.storyboard */,
			);
			name = Nibs;
			sourceTree = "<group>";
		};
		8A9FC1F419162E0B0087E977 /* OSReflectionKit+CoreDataTests */ = {
			isa = PBXGroup;
			children = (
				8A9FC1FA19162E0B0087E977 /* NSManagedObject_OSReflectionKitTests.m */,
				8A9FC1F519162E0B0087E977 /* Supporting Files */,
			);
			path = "OSReflectionKit+CoreDataTests";
			sourceTree = "<group>";
		};
		8A9FC1F519162E0B0087E977 /* Supporting Files */ = {
			isa = PBXGroup;
			children = (
				8A9FC1F619162E0B0087E977 /* OSReflectionKit+CoreDataTests-Info.plist */,
				8A9FC1F719162E0B0087E977 /* InfoPlist.strings */,
				8A9FC1FC19162E0B0087E977 /* OSReflectionKit+CoreDataTests-Prefix.pch */,
			);
			name = "Supporting Files";
			sourceTree = "<group>";
		};
		8AEDDDFD17B042F0003CF0BF = {
			isa = PBXGroup;
			children = (
				8AEDDE4317B054E9003CF0BF /* OSReflectionKit */,
				8AEDDE4917B054E9003CF0BF /* OSReflectionKit+CoreData */,
				8AEDDE9517B0581D003CF0BF /* OSReflectionKit+CoreDataExample */,
				8A9FC1F419162E0B0087E977 /* OSReflectionKit+CoreDataTests */,
				8AEDDE0817B042F1003CF0BF /* Frameworks */,
				8AEDDE0717B042F1003CF0BF /* Products */,
			);
			sourceTree = "<group>";
		};
		8AEDDE0717B042F1003CF0BF /* Products */ = {
			isa = PBXGroup;
			children = (
				8AEDDE0617B042F1003CF0BF /* OSReflectionKit+CoreDataExample.app */,
				8A9FC1EF19162E0B0087E977 /* OSReflectionKit+CoreDataTests.xctest */,
			);
			name = Products;
			sourceTree = "<group>";
		};
		8AEDDE0817B042F1003CF0BF /* Frameworks */ = {
			isa = PBXGroup;
			children = (
				8AEDDE0917B042F1003CF0BF /* UIKit.framework */,
				8AEDDE0B17B042F1003CF0BF /* Foundation.framework */,
				8AEDDE0D17B042F1003CF0BF /* CoreGraphics.framework */,
				8AEDDE0F17B042F1003CF0BF /* CoreData.framework */,
				8A9FC1F019162E0B0087E977 /* XCTest.framework */,
			);
			name = Frameworks;
			sourceTree = "<group>";
		};
		8AEDDE4317B054E9003CF0BF /* OSReflectionKit */ = {
			isa = PBXGroup;
			children = (
				8AEDDE4417B054E9003CF0BF /* AZReflection.h */,
				8AEDDE4517B054E9003CF0BF /* AZReflection.m */,
				8AEDDE4617B054E9003CF0BF /* AZReflectionHint.h */,
				8AEDDE4717B054E9003CF0BF /* NSObject+OSReflectionKit.h */,
				8AEDDE4817B054E9003CF0BF /* NSObject+OSReflectionKit.m */,
			);
			name = OSReflectionKit;
			path = ../OSReflectionKit;
			sourceTree = "<group>";
		};
		8AEDDE4917B054E9003CF0BF /* OSReflectionKit+CoreData */ = {
			isa = PBXGroup;
			children = (
				8AEDDE4A17B054E9003CF0BF /* NSManagedObject+OSReflectionKit.h */,
				8AEDDE4B17B054E9003CF0BF /* NSManagedObject+OSReflectionKit.m */,
				8A73229E18A001E200DEBBD7 /* NSPredicate+OSReflectionKit.h */,
				8A73229F18A001E200DEBBD7 /* NSPredicate+OSReflectionKit.m */,
				8A7322A118A009BB00DEBBD7 /* OSCoreDataManager.h */,
				8A7322A218A009BB00DEBBD7 /* OSCoreDataManager.m */,
				8A9FC20219164DCF0087E977 /* NSManagedObject+OSReflectionKitDeprecated.h */,
				8A9FC20319164DCF0087E977 /* NSManagedObject+OSReflectionKitDeprecated.m */,
			);
			name = "OSReflectionKit+CoreData";
			path = "../OSReflectionKit+CoreData";
			sourceTree = "<group>";
		};
		8AEDDE9517B0581D003CF0BF /* OSReflectionKit+CoreDataExample */ = {
			isa = PBXGroup;
			children = (
				8A9FC1E91914E9DF0087E977 /* AppDelegate */,
				8A9FC1E81914E9A80087E977 /* ViewControllers */,
				8A9FC1EA1914E9F40087E977 /* Nibs */,
				8A9FC1E51914E90D0087E977 /* Support Files */,
				8A9FC1E61914E9540087E977 /* Models */,
				8A9FC1E71914E9610087E977 /* ModelsCategories */,
			);
			name = "OSReflectionKit+CoreDataExample";
			sourceTree = "<group>";
		};
/* End PBXGroup section */

/* Begin PBXNativeTarget section */
		8A9FC1EE19162E0B0087E977 /* OSReflectionKit+CoreDataTests */ = {
			isa = PBXNativeTarget;
			buildConfigurationList = 8A9FC1FF19162E0B0087E977 /* Build configuration list for PBXNativeTarget "OSReflectionKit+CoreDataTests" */;
			buildPhases = (
				8A9FC1EB19162E0B0087E977 /* Sources */,
				8A9FC1EC19162E0B0087E977 /* Frameworks */,
				8A9FC1ED19162E0B0087E977 /* Resources */,
			);
			buildRules = (
			);
			dependencies = (
				8A9FC1FE19162E0B0087E977 /* PBXTargetDependency */,
			);
			name = "OSReflectionKit+CoreDataTests";
			productName = "OSReflectionKit+CoreDataTests";
			productReference = 8A9FC1EF19162E0B0087E977 /* OSReflectionKit+CoreDataTests.xctest */;
			productType = "com.apple.product-type.bundle.unit-test";
		};
		8AEDDE0517B042F1003CF0BF /* OSReflectionKit+CoreDataExample */ = {
			isa = PBXNativeTarget;
			buildConfigurationList = 8AEDDE3117B042F1003CF0BF /* Build configuration list for PBXNativeTarget "OSReflectionKit+CoreDataExample" */;
			buildPhases = (
				8AEDDE0217B042F1003CF0BF /* Sources */,
				8AEDDE0317B042F1003CF0BF /* Frameworks */,
				8AEDDE0417B042F1003CF0BF /* Resources */,
			);
			buildRules = (
			);
			dependencies = (
			);
			name = "OSReflectionKit+CoreDataExample";
			productName = TestCoreData;
			productReference = 8AEDDE0617B042F1003CF0BF /* OSReflectionKit+CoreDataExample.app */;
			productType = "com.apple.product-type.application";
		};
/* End PBXNativeTarget section */

/* Begin PBXProject section */
		8AEDDDFE17B042F0003CF0BF /* Project object */ = {
			isa = PBXProject;
			attributes = {
				LastUpgradeCheck = 0460;
				ORGANIZATIONNAME = "iAOS Software";
				TargetAttributes = {
					8A9FC1EE19162E0B0087E977 = {
						TestTargetID = 8AEDDE0517B042F1003CF0BF;
					};
				};
			};
			buildConfigurationList = 8AEDDE0117B042F0003CF0BF /* Build configuration list for PBXProject "OSReflectionKit+CoreDataExample" */;
			compatibilityVersion = "Xcode 3.2";
			developmentRegion = English;
			hasScannedForEncodings = 0;
			knownRegions = (
				en,
			);
			mainGroup = 8AEDDDFD17B042F0003CF0BF;
			productRefGroup = 8AEDDE0717B042F1003CF0BF /* Products */;
			projectDirPath = "";
			projectRoot = "";
			targets = (
				8AEDDE0517B042F1003CF0BF /* OSReflectionKit+CoreDataExample */,
				8A9FC1EE19162E0B0087E977 /* OSReflectionKit+CoreDataTests */,
			);
		};
/* End PBXProject section */

/* Begin PBXResourcesBuildPhase section */
		8A9FC1ED19162E0B0087E977 /* Resources */ = {
			isa = PBXResourcesBuildPhase;
			buildActionMask = 2147483647;
			files = (
				8A9FC1F919162E0B0087E977 /* InfoPlist.strings in Resources */,
			);
			runOnlyForDeploymentPostprocessing = 0;
		};
		8AEDDE0417B042F1003CF0BF /* Resources */ = {
			isa = PBXResourcesBuildPhase;
			buildActionMask = 2147483647;
			files = (
				8AEDDE8917B05806003CF0BF /* Default-568h@2x.png in Resources */,
				8AEDDE8A17B05806003CF0BF /* Default.png in Resources */,
				8AEDDE8B17B05806003CF0BF /* Default@2x.png in Resources */,
				8AEDDE8D17B05806003CF0BF /* InfoPlist.strings in Resources */,
				8AEDDE8E17B05806003CF0BF /* MainStoryboard.storyboard in Resources */,
			);
			runOnlyForDeploymentPostprocessing = 0;
		};
/* End PBXResourcesBuildPhase section */

/* Begin PBXSourcesBuildPhase section */
		8A9FC1EB19162E0B0087E977 /* Sources */ = {
			isa = PBXSourcesBuildPhase;
			buildActionMask = 2147483647;
			files = (
				8A9FC1FB19162E0B0087E977 /* NSManagedObject_OSReflectionKitTests.m in Sources */,
			);
			runOnlyForDeploymentPostprocessing = 0;
		};
		8AEDDE0217B042F1003CF0BF /* Sources */ = {
			isa = PBXSourcesBuildPhase;
			buildActionMask = 2147483647;
			files = (
				8AEDDE4C17B054E9003CF0BF /* AZReflection.m in Sources */,
				8AEDDE4D17B054E9003CF0BF /* NSObject+OSReflectionKit.m in Sources */,
				8A7322A018A001E200DEBBD7 /* NSPredicate+OSReflectionKit.m in Sources */,
				8A73229D189FD5E600DEBBD7 /* Event.m in Sources */,
				8AEDDE4E17B054E9003CF0BF /* NSManagedObject+OSReflectionKit.m in Sources */,
				8A732297189FD06300DEBBD7 /* Event+ReflectionKitOptions.m in Sources */,
				8AEDDE8817B05806003CF0BF /* AppDelegate.m in Sources */,
				8AEDDE8C17B05806003CF0BF /* DetailViewController.m in Sources */,
				8AEDDE9017B05806003CF0BF /* main.m in Sources */,
				8AEDDE9117B05806003CF0BF /* MasterViewController.m in Sources */,
				8A7322A318A009BB00DEBBD7 /* OSCoreDataManager.m in Sources */,
				8AEDDE9317B05806003CF0BF /* OSReflectionKit+CoreDataExample.xcdatamodeld in Sources */,
				8A9FC20419164DCF0087E977 /* NSManagedObject+OSReflectionKitDeprecated.m in Sources */,
			);
			runOnlyForDeploymentPostprocessing = 0;
		};
/* End PBXSourcesBuildPhase section */

/* Begin PBXTargetDependency section */
		8A9FC1FE19162E0B0087E977 /* PBXTargetDependency */ = {
			isa = PBXTargetDependency;
			target = 8AEDDE0517B042F1003CF0BF /* OSReflectionKit+CoreDataExample */;
			targetProxy = 8A9FC1FD19162E0B0087E977 /* PBXContainerItemProxy */;
		};
/* End PBXTargetDependency section */

/* Begin PBXVariantGroup section */
		8A9FC1F719162E0B0087E977 /* InfoPlist.strings */ = {
			isa = PBXVariantGroup;
			children = (
				8A9FC1F819162E0B0087E977 /* en */,
			);
			name = InfoPlist.strings;
			sourceTree = "<group>";
		};
		8AEDDE7B17B05806003CF0BF /* InfoPlist.strings */ = {
			isa = PBXVariantGroup;
			children = (
				8AEDDE7C17B05806003CF0BF /* en */,
			);
			name = InfoPlist.strings;
			path = en.lproj;
			sourceTree = "<group>";
		};
		8AEDDE7D17B05806003CF0BF /* MainStoryboard.storyboard */ = {
			isa = PBXVariantGroup;
			children = (
				8AEDDE7E17B05806003CF0BF /* en */,
			);
			name = MainStoryboard.storyboard;
			path = en.lproj;
			sourceTree = "<group>";
		};
/* End PBXVariantGroup section */

/* Begin XCBuildConfiguration section */
		8A9FC20019162E0B0087E977 /* Debug */ = {
			isa = XCBuildConfiguration;
			buildSettings = {
				BUNDLE_LOADER = "$(BUILT_PRODUCTS_DIR)/OSReflectionKit+CoreDataExample.app/OSReflectionKit+CoreDataExample";
				CLANG_ENABLE_MODULES = YES;
				CLANG_WARN_BOOL_CONVERSION = YES;
				CLANG_WARN_DIRECT_OBJC_ISA_USAGE = YES_ERROR;
				CLANG_WARN_OBJC_ROOT_CLASS = YES_ERROR;
				FRAMEWORK_SEARCH_PATHS = (
					"$(SDKROOT)/Developer/Library/Frameworks",
					"$(inherited)",
					"$(DEVELOPER_FRAMEWORKS_DIR)",
				);
				GCC_PRECOMPILE_PREFIX_HEADER = YES;
				GCC_PREFIX_HEADER = "OSReflectionKit+CoreDataTests/OSReflectionKit+CoreDataTests-Prefix.pch";
				GCC_PREPROCESSOR_DEFINITIONS = (
					"DEBUG=1",
					"$(inherited)",
				);
				GCC_WARN_64_TO_32_BIT_CONVERSION = YES;
				GCC_WARN_ABOUT_RETURN_TYPE = YES_ERROR;
				GCC_WARN_UNDECLARED_SELECTOR = YES;
				GCC_WARN_UNINITIALIZED_AUTOS = YES_AGGRESSIVE;
				GCC_WARN_UNUSED_FUNCTION = YES;
				INFOPLIST_FILE = "OSReflectionKit+CoreDataTests/OSReflectionKit+CoreDataTests-Info.plist";
				IPHONEOS_DEPLOYMENT_TARGET = 7.1;
				PRODUCT_NAME = "$(TARGET_NAME)";
				TEST_HOST = "$(BUNDLE_LOADER)";
				WRAPPER_EXTENSION = xctest;
			};
			name = Debug;
		};
		8A9FC20119162E0B0087E977 /* Release */ = {
			isa = XCBuildConfiguration;
			buildSettings = {
				BUNDLE_LOADER = "$(BUILT_PRODUCTS_DIR)/OSReflectionKit+CoreDataExample.app/OSReflectionKit+CoreDataExample";
				CLANG_ENABLE_MODULES = YES;
				CLANG_WARN_BOOL_CONVERSION = YES;
				CLANG_WARN_DIRECT_OBJC_ISA_USAGE = YES_ERROR;
				CLANG_WARN_OBJC_ROOT_CLASS = YES_ERROR;
				ENABLE_NS_ASSERTIONS = NO;
				FRAMEWORK_SEARCH_PATHS = (
					"$(SDKROOT)/Developer/Library/Frameworks",
					"$(inherited)",
					"$(DEVELOPER_FRAMEWORKS_DIR)",
				);
				GCC_PRECOMPILE_PREFIX_HEADER = YES;
				GCC_PREFIX_HEADER = "OSReflectionKit+CoreDataTests/OSReflectionKit+CoreDataTests-Prefix.pch";
				GCC_WARN_64_TO_32_BIT_CONVERSION = YES;
				GCC_WARN_ABOUT_RETURN_TYPE = YES_ERROR;
				GCC_WARN_UNDECLARED_SELECTOR = YES;
				GCC_WARN_UNINITIALIZED_AUTOS = YES_AGGRESSIVE;
				GCC_WARN_UNUSED_FUNCTION = YES;
				INFOPLIST_FILE = "OSReflectionKit+CoreDataTests/OSReflectionKit+CoreDataTests-Info.plist";
				IPHONEOS_DEPLOYMENT_TARGET = 7.1;
				PRODUCT_NAME = "$(TARGET_NAME)";
				TEST_HOST = "$(BUNDLE_LOADER)";
				WRAPPER_EXTENSION = xctest;
			};
			name = Release;
		};
		8AEDDE2F17B042F1003CF0BF /* Debug */ = {
			isa = XCBuildConfiguration;
			buildSettings = {
				ALWAYS_SEARCH_USER_PATHS = NO;
				CLANG_CXX_LANGUAGE_STANDARD = "gnu++0x";
				CLANG_CXX_LIBRARY = "libc++";
				CLANG_ENABLE_OBJC_ARC = YES;
				CLANG_WARN_CONSTANT_CONVERSION = YES;
				CLANG_WARN_EMPTY_BODY = YES;
				CLANG_WARN_ENUM_CONVERSION = YES;
				CLANG_WARN_INT_CONVERSION = YES;
				CLANG_WARN__DUPLICATE_METHOD_MATCH = YES;
				"CODE_SIGN_IDENTITY[sdk=iphoneos*]" = "iPhone Developer";
				COPY_PHASE_STRIP = NO;
				GCC_C_LANGUAGE_STANDARD = gnu99;
				GCC_DYNAMIC_NO_PIC = NO;
				GCC_OPTIMIZATION_LEVEL = 0;
				GCC_PREPROCESSOR_DEFINITIONS = (
					"DEBUG=1",
					"$(inherited)",
				);
				GCC_SYMBOLS_PRIVATE_EXTERN = NO;
				GCC_WARN_ABOUT_RETURN_TYPE = YES;
				GCC_WARN_UNINITIALIZED_AUTOS = YES;
				GCC_WARN_UNUSED_VARIABLE = YES;
				IPHONEOS_DEPLOYMENT_TARGET = 6.1;
				ONLY_ACTIVE_ARCH = YES;
				SDKROOT = iphoneos;
			};
			name = Debug;
		};
		8AEDDE3017B042F1003CF0BF /* Release */ = {
			isa = XCBuildConfiguration;
			buildSettings = {
				ALWAYS_SEARCH_USER_PATHS = NO;
				CLANG_CXX_LANGUAGE_STANDARD = "gnu++0x";
				CLANG_CXX_LIBRARY = "libc++";
				CLANG_ENABLE_OBJC_ARC = YES;
				CLANG_WARN_CONSTANT_CONVERSION = YES;
				CLANG_WARN_EMPTY_BODY = YES;
				CLANG_WARN_ENUM_CONVERSION = YES;
				CLANG_WARN_INT_CONVERSION = YES;
				CLANG_WARN__DUPLICATE_METHOD_MATCH = YES;
				"CODE_SIGN_IDENTITY[sdk=iphoneos*]" = "iPhone Developer";
				COPY_PHASE_STRIP = YES;
				GCC_C_LANGUAGE_STANDARD = gnu99;
				GCC_WARN_ABOUT_RETURN_TYPE = YES;
				GCC_WARN_UNINITIALIZED_AUTOS = YES;
				GCC_WARN_UNUSED_VARIABLE = YES;
				IPHONEOS_DEPLOYMENT_TARGET = 6.1;
				OTHER_CFLAGS = "-DNS_BLOCK_ASSERTIONS=1";
				SDKROOT = iphoneos;
				VALIDATE_PRODUCT = YES;
			};
			name = Release;
		};
		8AEDDE3217B042F1003CF0BF /* Debug */ = {
			isa = XCBuildConfiguration;
			buildSettings = {
				GCC_PRECOMPILE_PREFIX_HEADER = YES;
				GCC_PREFIX_HEADER = "OSReflectionKit+CoreDataExample-Prefix.pch";
				INFOPLIST_FILE = "OSReflectionKit+CoreDataExample-Info.plist";
				PRODUCT_NAME = "OSReflectionKit+CoreDataExample";
				WRAPPER_EXTENSION = app;
			};
			name = Debug;
		};
		8AEDDE3317B042F1003CF0BF /* Release */ = {
			isa = XCBuildConfiguration;
			buildSettings = {
				GCC_PRECOMPILE_PREFIX_HEADER = YES;
				GCC_PREFIX_HEADER = "OSReflectionKit+CoreDataExample-Prefix.pch";
				INFOPLIST_FILE = "OSReflectionKit+CoreDataExample-Info.plist";
				PRODUCT_NAME = "OSReflectionKit+CoreDataExample";
				WRAPPER_EXTENSION = app;
			};
			name = Release;
		};
/* End XCBuildConfiguration section */

/* Begin XCConfigurationList section */
		8A9FC1FF19162E0B0087E977 /* Build configuration list for PBXNativeTarget "OSReflectionKit+CoreDataTests" */ = {
			isa = XCConfigurationList;
			buildConfigurations = (
				8A9FC20019162E0B0087E977 /* Debug */,
				8A9FC20119162E0B0087E977 /* Release */,
			);
			defaultConfigurationIsVisible = 0;
		};
		8AEDDE0117B042F0003CF0BF /* Build configuration list for PBXProject "OSReflectionKit+CoreDataExample" */ = {
			isa = XCConfigurationList;
			buildConfigurations = (
				8AEDDE2F17B042F1003CF0BF /* Debug */,
				8AEDDE3017B042F1003CF0BF /* Release */,
			);
			defaultConfigurationIsVisible = 0;
			defaultConfigurationName = Release;
		};
		8AEDDE3117B042F1003CF0BF /* Build configuration list for PBXNativeTarget "OSReflectionKit+CoreDataExample" */ = {
			isa = XCConfigurationList;
			buildConfigurations = (
				8AEDDE3217B042F1003CF0BF /* Debug */,
				8AEDDE3317B042F1003CF0BF /* Release */,
			);
			defaultConfigurationIsVisible = 0;
			defaultConfigurationName = Release;
		};
/* End XCConfigurationList section */

/* Begin XCVersionGroup section */
		8AEDDE8617B05806003CF0BF /* OSReflectionKit+CoreDataExample.xcdatamodeld */ = {
			isa = XCVersionGroup;
			children = (
				8AEDDE8717B05806003CF0BF /* TestCoreData.xcdatamodel */,
			);
			currentVersion = 8AEDDE8717B05806003CF0BF /* TestCoreData.xcdatamodel */;
			path = "OSReflectionKit+CoreDataExample.xcdatamodeld";
			sourceTree = "<group>";
			versionGroupType = wrapper.xcdatamodel;
		};
/* End XCVersionGroup section */
	};
	rootObject = 8AEDDDFE17B042F0003CF0BF /* Project object */;
}
